<?xml version="1.0" encoding="utf-8"?>
<Project ToolsVersion="4.0" xmlns="http://schemas.microsoft.com/developer/msbuild/2003">
  <ItemGroup>
    <Filter Include="Source Files">
      <UniqueIdentifier>{4FC737F1-C7A5-4376-A066-2A32D752A2FF}</UniqueIdentifier>
      <Extensions>cpp;c;cc;cxx;c++;cppm;ixx;def;odl;idl;hpj;bat;asm;asmx</Extensions>
    </Filter>
    <Filter Include="Header Files">
      <UniqueIdentifier>{93995380-89BD-4b04-88EB-625FBE52EBFB}</UniqueIdentifier>
      <Extensions>h;hh;hpp;hxx;h++;hm;inl;inc;ipp;xsd</Extensions>
    </Filter>
    <Filter Include="Resource Files">
      <UniqueIdentifier>{67DA6AB6-F800-4c08-8B7A-83BB121AAD01}</UniqueIdentifier>
      <Extensions>rc;ico;cur;bmp;dlg;rc2;rct;bin;rgs;gif;jpg;jpeg;jpe;resx;tiff;tif;png;wav;mfcribbon-ms</Extensions>
    </Filter>
  </ItemGroup>
  <ItemGroup>
    <ClCompile Include="Cascades1Gerendas.cpp">
      <Filter>Source Files</Filter>
    </ClCompile>
    <ClCompile Include="Mesh.cpp">
      <Filter>Source Files</Filter>
    </ClCompile>
    <ClCompile Include="MyWindow.cpp">
      <Filter>Source Files</Filter>
    </ClCompile>
    <ClCompile Include="Object.cpp">
      <Filter>Source Files</Filter>
    </ClCompile>
    <ClCompile Include="Shader.cpp">
      <Filter>Source Files</Filter>
    </ClCompile>
    <ClCompile Include="glad.c">
      <Filter>Source Files</Filter>
    </ClCompile>
    <ClCompile Include="3DFrameBuffer.cpp">
      <Filter>Source Files</Filter>
    </ClCompile>
    <ClCompile Include="Texture.cpp">
      <Filter>Source Files</Filter>
    </ClCompile>
    <ClCompile Include="Particles.cpp">
      <Filter>Source Files</Filter>
    </ClCompile>
    <ClCompile Include="DepthFrameBuffer.cpp">
      <Filter>Source Files</Filter>
    </ClCompile>
  </ItemGroup>
  <ItemGroup>
    <ClInclude Include="Camera.h">
      <Filter>Header Files</Filter>
    </ClInclude>
    <ClInclude Include="Mesh.h">
      <Filter>Header Files</Filter>
    </ClInclude>
    <ClInclude Include="MyWindow.h">
      <Filter>Header Files</Filter>
    </ClInclude>
    <ClInclude Include="Object.h">
      <Filter>Header Files</Filter>
    </ClInclude>
    <ClInclude Include="Shader.h">
      <Filter>Header Files</Filter>
    </ClInclude>
    <ClInclude Include="3DFrameBuffer.h">
      <Filter>Header Files</Filter>
    </ClInclude>
    <ClInclude Include="Texture.h">
      <Filter>Header Files</Filter>
    </ClInclude>
    <ClInclude Include="include\stb_image.h">
      <Filter>Header Files</Filter>
    </ClInclude>
    <ClInclude Include="commom_header.h">
      <Filter>Header Files</Filter>
    </ClInclude>
    <ClInclude Include="Particles.h">
      <Filter>Header Files</Filter>
    </ClInclude>
    <ClInclude Include="DepthFrameBuffer.h">
      <Filter>Header Files</Filter>
    </ClInclude>
  </ItemGroup>
  <ItemGroup>
    <None Include="DensityFragmentShader.frag">
      <Filter>Resource Files</Filter>
    </None>
    <None Include="DensityVertexShader.vert">
      <Filter>Resource Files</Filter>
    </None>
    <None Include="DisplayVertexShader.vert">
      <Filter>Resource Files</Filter>
    </None>
    <None Include="DisplayFragmentShader.frag">
      <Filter>Resource Files</Filter>
    </None>
    <None Include="MarchingCubesFragmentShader.frag">
      <Filter>Resource Files</Filter>
    </None>
    <None Include="MarchingCubesVertexShader.vert">
      <Filter>Resource Files</Filter>
    </None>
    <None Include="MarchingCubesGeometryShader.geom">
      <Filter>Resource Files</Filter>
    </None>
    <None Include="LightFragShader.frag">
      <Filter>Resource Files</Filter>
    </None>
    <None Include="ParticlesUpdateVer.vert">
      <Filter>Resource Files</Filter>
    </None>
    <None Include="ParticlesUpdateGeo.geom">
      <Filter>Resource Files</Filter>
    </None>
    <None Include="ParticleRenderVer.vert">
      <Filter>Resource Files</Filter>
    </None>
    <None Include="ParticleRenderGeo.geom">
      <Filter>Resource Files</Filter>
    </None>
    <None Include="ParticleRenderFrag.frag">
      <Filter>Resource Files</Filter>
    </None>
    <None Include="ShadowRendererShader.vert">
      <Filter>Resource Files</Filter>
    </None>
    <None Include="ShadowRendererShader.frag">
      <Filter>Resource Files</Filter>
    </None>
    <None Include="TesseletionFragmentShader.frag">
      <Filter>Resource Files</Filter>
    </None>
    <None Include="TesselationVertexShader.vert">
      <Filter>Resource Files</Filter>
    </None>
    <None Include="TesselationControlShader.tesc">
      <Filter>Resource Files</Filter>
    </None>
    <None Include="TesselationEvaluationShader.tese">
      <Filter>Resource Files</Filter>
    </None>
  </ItemGroup>
</Project>